
Microsoft Visual Studio Solution File, Format Version 12.00
# Visual Studio Version 17
VisualStudioVersion = 17.2.32526.322
MinimumVisualStudioVersion = 10.0.40219.1
Project("{FAE04EC0-301F-11D3-BF4B-00C04F79EFBC}") = "WebAPIClient", "WebAPIClient\WebAPIClient.csproj", "{D0DB8E88-EEE7-4CC8-A17E-2DB74BF402C7}"
EndProject
Global
	GlobalSection(SolutionConfigurationPlatforms) = preSolution
		Debug|Any CPU = Debug|Any CPU
		Release|Any CPU = Release|Any CPU
	EndGlobalSection
	GlobalSection(ProjectConfigurationPlatforms) = postSolution
		{D0DB8E88-EEE7-4CC8-A17E-2DB74BF402C7}.Debug|Any CPU.ActiveCfg = Debug|Any CPU
		{D0DB8E88-EEE7-4CC8-A17E-2DB74BF402C7}.Debug|Any CPU.Build.0 = Debug|Any CPU
		{D0DB8E88-EEE7-4CC8-A17E-2DB74BF402C7}.Release|Any CPU.ActiveCfg = Release|Any CPU
		{D0DB8E88-EEE7-4CC8-A17E-2DB74BF402C7}.Release|Any CPU.Build.0 = Release|Any CPU
	EndGlobalSection
	GlobalSection(SolutionProperties) = preSolution
		HideSolutionNode = FALSE
	EndGlobalSection
	GlobalSection(ExtensibilityGlobals) = postSolution
		SolutionGuid = {FF5ADA21-92B2-4628-93A5-05D9D4CBBC50}
	EndGlobalSection
EndGlobal
